
Microsoft Visual Studio Solution File, Format Version 12.00
# Visual Studio Version 16
VisualStudioVersion = 16.0.29123.88
MinimumVisualStudioVersion = 10.0.40219.1
Project("{9A19103F-16F7-4668-BE54-9A1E7A4F7556}") = "webapi3", "webapi3\webapi3.csproj", "{52C3F72A-E4A3-4335-B0AC-5D7BE5F637EF}"
EndProject
Project("{FAE04EC0-301F-11D3-BF4B-00C04F79EFBC}") = "Model4", "Model4\Model4.csproj", "{5CEED354-70E5-4924-875D-47F47998758E}"
EndProject
Global
	GlobalSection(SolutionConfigurationPlatforms) = preSolution
		Debug|Any CPU = Debug|Any CPU
		Release|Any CPU = Release|Any CPU
	EndGlobalSection
	GlobalSection(ProjectConfigurationPlatforms) = postSolution
		{52C3F72A-E4A3-4335-B0AC-5D7BE5F637EF}.Debug|Any CPU.ActiveCfg = Debug|Any CPU
		{52C3F72A-E4A3-4335-B0AC-5D7BE5F637EF}.Debug|Any CPU.Build.0 = Debug|Any CPU
		{52C3F72A-E4A3-4335-B0AC-5D7BE5F637EF}.Release|Any CPU.ActiveCfg = Release|Any CPU
		{52C3F72A-E4A3-4335-B0AC-5D7BE5F637EF}.Release|Any CPU.Build.0 = Release|Any CPU
		{5CEED354-70E5-4924-875D-47F47998758E}.Debug|Any CPU.ActiveCfg = Debug|Any CPU
		{5CEED354-70E5-4924-875D-47F47998758E}.Debug|Any CPU.Build.0 = Debug|Any CPU
		{5CEED354-70E5-4924-875D-47F47998758E}.Release|Any CPU.ActiveCfg = Release|Any CPU
		{5CEED354-70E5-4924-875D-47F47998758E}.Release|Any CPU.Build.0 = Release|Any CPU
	EndGlobalSection
	GlobalSection(SolutionProperties) = preSolution
		HideSolutionNode = FALSE
	EndGlobalSection
	GlobalSection(ExtensibilityGlobals) = postSolution
		SolutionGuid = {14EFEB52-1790-4C97-B6AD-31D6D9B08B12}
	EndGlobalSection
EndGlobal
